// !$*UTF8*$!
{
	archiveVersion = 1;
	classes = {
	};
	objectVersion = 46;
	objects = {

/* Begin PBXBuildFile section */
		D45A2CBD1D061F62007D3E11 /* AppDelegate.swift in Sources */ = {isa = PBXBuildFile; fileRef = D45A2CBC1D061F62007D3E11 /* AppDelegate.swift */; };
		D45A2CBF1D061F62007D3E11 /* ViewController.swift in Sources */ = {isa = PBXBuildFile; fileRef = D45A2CBE1D061F62007D3E11 /* ViewController.swift */; };
		D45A2CC21D061F62007D3E11 /* Main.storyboard in Resources */ = {isa = PBXBuildFile; fileRef = D45A2CC01D061F62007D3E11 /* Main.storyboard */; };
		D45A2CC41D061F62007D3E11 /* Assets.xcassets in Resources */ = {isa = PBXBuildFile; fileRef = D45A2CC31D061F62007D3E11 /* Assets.xcassets */; };
		D45A2CCC1D061F73007D3E11 /* PressGestureRecognizer.swift in Sources */ = {isa = PBXBuildFile; fileRef = D45A2CCB1D061F73007D3E11 /* PressGestureRecognizer.swift */; };
/* End PBXBuildFile section */

/* Begin PBXFileReference section */
		D45A2CB91D061F62007D3E11 /* PressGestureRecognizer.app */ = {isa = PBXFileReference; explicitFileType = wrapper.application; includeInIndex = 0; path = PressGestureRecognizer.app; sourceTree = BUILT_PRODUCTS_DIR; };
		D45A2CBC1D061F62007D3E11 /* AppDelegate.swift */ = {isa = PBXFileReference; lastKnownFileType = sourcecode.swift; path = AppDelegate.swift; sourceTree = "<group>"; };
		D45A2CBE1D061F62007D3E11 /* ViewController.swift */ = {isa = PBXFileReference; lastKnownFileType = sourcecode.swift; path = ViewController.swift; sourceTree = "<group>"; };
		D45A2CC11D061F62007D3E11 /* Base */ = {isa = PBXFileReference; lastKnownFileType = file.storyboard; name = Base; path = Base.lproj/Main.storyboard; sourceTree = "<group>"; };
		D45A2CC31D061F62007D3E11 /* Assets.xcassets */ = {isa = PBXFileReference; lastKnownFileType = folder.assetcatalog; path = Assets.xcassets; sourceTree = "<group>"; };
		D45A2CC51D061F62007D3E11 /* Info.plist */ = {isa = PBXFileReference; lastKnownFileType = text.plist.xml; path = Info.plist; sourceTree = "<group>"; };
		D45A2CCB1D061F73007D3E11 /* PressGestureRecognizer.swift */ = {isa = PBXFileReference; fileEncoding = 4; lastKnownFileType = sourcecode.swift; path = PressGestureRecognizer.swift; sourceTree = "<group>"; };
/* End PBXFileReference section */

/* Begin PBXFrameworksBuildPhase section */
		D45A2CB61D061F62007D3E11 /* Frameworks */ = {
			isa = PBXFrameworksBuildPhase;
			buildActionMask = 2147483647;
			files = (
			);
			runOnlyForDeploymentPostprocessing = 0;
		};
/* End PBXFrameworksBuildPhase section */

/* Begin PBXGroup section */
		D45A2CB01D061F62007D3E11 = {
			isa = PBXGroup;
			children = (
				D45A2CBB1D061F62007D3E11 /* PressGestureRecognizer */,
				D45A2CBA1D061F62007D3E11 /* Products */,
			);
			sourceTree = "<group>";
		};
		D45A2CBA1D061F62007D3E11 /* Products */ = {
			isa = PBXGroup;
			children = (
				D45A2CB91D061F62007D3E11 /* PressGestureRecognizer.app */,
			);
			name = Products;
			sourceTree = "<group>";
		};
		D45A2CBB1D061F62007D3E11 /* PressGestureRecognizer */ = {
			isa = PBXGroup;
			children = (
				D45A2CBC1D061F62007D3E11 /* AppDelegate.swift */,
				D45A2CBE1D061F62007D3E11 /* ViewController.swift */,
				D45A2CCB1D061F73007D3E11 /* PressGestureRecognizer.swift */,
				D45A2CC01D061F62007D3E11 /* Main.storyboard */,
				D45A2CC31D061F62007D3E11 /* Assets.xcassets */,
				D45A2CC51D061F62007D3E11 /* Info.plist */,
			);
			path = PressGestureRecognizer;
			sourceTree = "<group>";
		};
/* End PBXGroup section */

/* Begin PBXNativeTarget section */
		D45A2CB81D061F62007D3E11 /* PressGestureRecognizer */ = {
			isa = PBXNativeTarget;
			buildConfigurationList = D45A2CC81D061F62007D3E11 /* Build configuration list for PBXNativeTarget "PressGestureRecognizer" */;
			buildPhases = (
				D45A2CB51D061F62007D3E11 /* Sources */,
				D45A2CB61D061F62007D3E11 /* Frameworks */,
				D45A2CB71D061F62007D3E11 /* Resources */,
			);
			buildRules = (
			);
			dependencies = (
			);
			name = PressGestureRecognizer;
			productName = PressGestureRecognizer;
			productReference = D45A2CB91D061F62007D3E11 /* PressGestureRecognizer.app */;
			productType = "com.apple.product-type.application";
		};
/* End PBXNativeTarget section */

/* Begin PBXProject section */
		D45A2CB11D061F62007D3E11 /* Project object */ = {
			isa = PBXProject;
			attributes = {
				LastSwiftUpdateCheck = 0730;
				LastUpgradeCheck = 0730;
				ORGANIZATIONNAME = Viacom;
				TargetAttributes = {
					D45A2CB81D061F62007D3E11 = {
						CreatedOnToolsVersion = 7.3.1;
					};
				};
			};
			buildConfigurationList = D45A2CB41D061F62007D3E11 /* Build configuration list for PBXProject "PressGestureRecognizer" */;
			compatibilityVersion = "Xcode 3.2";
			developmentRegion = English;
			hasScannedForEncodings = 0;
			knownRegions = (
				en,
				Base,
			);
			mainGroup = D45A2CB01D061F62007D3E11;
			productRefGroup = D45A2CBA1D061F62007D3E11 /* Products */;
			projectDirPath = "";
			projectRoot = "";
			targets = (
				D45A2CB81D061F62007D3E11 /* PressGestureRecognizer */,
			);
		};
/* End PBXProject section */

/* Begin PBXResourcesBuildPhase section */
		D45A2CB71D061F62007D3E11 /* Resources */ = {
			isa = PBXResourcesBuildPhase;
			buildActionMask = 2147483647;
			files = (
				D45A2CC41D061F62007D3E11 /* Assets.xcassets in Resources */,
				D45A2CC21D061F62007D3E11 /* Main.storyboard in Resources */,
			);
			runOnlyForDeploymentPostprocessing = 0;
		};
/* End PBXResourcesBuildPhase section */

/* Begin PBXSourcesBuildPhase section */
		D45A2CB51D061F62007D3E11 /* Sources */ = {
			isa = PBXSourcesBuildPhase;
			buildActionMask = 2147483647;
			files = (
				D45A2CCC1D061F73007D3E11 /* PressGestureRecognizer.swift in Sources */,
				D45A2CBF1D061F62007D3E11 /* ViewController.swift in Sources */,
				D45A2CBD1D061F62007D3E11 /* AppDelegate.swift in Sources */,
			);
			runOnlyForDeploymentPostprocessing = 0;
		};
/* End PBXSourcesBuildPhase section */

/* Begin PBXVariantGroup section */
		D45A2CC01D061F62007D3E11 /* Main.storyboard */ = {
			isa = PBXVariantGroup;
			children = (
				D45A2CC11D061F62007D3E11 /* Base */,
			);
			name = Main.storyboard;
			sourceTree = "<group>";
		};
/* End PBXVariantGroup section */

/* Begin XCBuildConfiguration section */
		D45A2CC61D061F62007D3E11 /* Debug */ = {
			isa = XCBuildConfiguration;
			buildSettings = {
				ALWAYS_SEARCH_USER_PATHS = NO;
				CLANG_ANALYZER_NONNULL = YES;
				CLANG_CXX_LANGUAGE_STANDARD = "gnu++0x";
				CLANG_CXX_LIBRARY = "libc++";
				CLANG_ENABLE_MODULES = YES;
				CLANG_ENABLE_OBJC_ARC = YES;
				CLANG_WARN_BOOL_CONVERSION = YES;
				CLANG_WARN_CONSTANT_CONVERSION = YES;
				CLANG_WARN_DIRECT_OBJC_ISA_USAGE = YES_ERROR;
				CLANG_WARN_EMPTY_BODY = YES;
				CLANG_WARN_ENUM_CONVERSION = YES;
				CLANG_WARN_INT_CONVERSION = YES;
				CLANG_WARN_OBJC_ROOT_CLASS = YES_ERROR;
				CLANG_WARN_UNREACHABLE_CODE = YES;
				CLANG_WARN__DUPLICATE_METHOD_MATCH = YES;
				COPY_PHASE_STRIP = NO;
				DEBUG_INFORMATION_FORMAT = dwarf;
				ENABLE_STRICT_OBJC_MSGSEND = YES;
				ENABLE_TESTABILITY = YES;
				GCC_C_LANGUAGE_STANDARD = gnu99;
				GCC_DYNAMIC_NO_PIC = NO;
				GCC_NO_COMMON_BLOCKS = YES;
				GCC_OPTIMIZATION_LEVEL = 0;
				GCC_PREPROCESSOR_DEFINITIONS = (
					"DEBUG=1",
					"$(inherited)",
				);
				GCC_WARN_64_TO_32_BIT_CONVERSION = YES;
				GCC_WARN_ABOUT_RETURN_TYPE = YES_ERROR;
				GCC_WARN_UNDECLARED_SELECTOR = YES;
				GCC_WARN_UNINITIALIZED_AUTOS = YES_AGGRESSIVE;
				GCC_WARN_UNUSED_FUNCTION = YES;
				GCC_WARN_UNUSED_VARIABLE = YES;
				MTL_ENABLE_DEBUG_INFO = YES;
				ONLY_ACTIVE_ARCH = YES;
				SDKROOT = appletvos;
				SWIFT_OPTIMIZATION_LEVEL = "-Onone";
				TARGETED_DEVICE_FAMILY = 3;
				TVOS_DEPLOYMENT_TARGET = 9.2;
			};
			name = Debug;
		};
		D45A2CC71D061F62007D3E11 /* Release */ = {
			isa = XCBuildConfiguration;
			buildSettings = {
				ALWAYS_SEARCH_USER_PATHS = NO;
				CLANG_ANALYZER_NONNULL = YES;
				CLANG_CXX_LANGUAGE_STANDARD = "gnu++0x";
				CLANG_CXX_LIBRARY = "libc++";
				CLANG_ENABLE_MODULES = YES;
				CLANG_ENABLE_OBJC_ARC = YES;
				CLANG_WARN_BOOL_CONVERSION = YES;
				CLANG_WARN_CONSTANT_CONVERSION = YES;
				CLANG_WARN_DIRECT_OBJC_ISA_USAGE = YES_ERROR;
				CLANG_WARN_EMPTY_BODY = YES;
				CLANG_WARN_ENUM_CONVERSION = YES;
				CLANG_WARN_INT_CONVERSION = YES;
				CLANG_WARN_OBJC_ROOT_CLASS = YES_ERROR;
				CLANG_WARN_UNREACHABLE_CODE = YES;
				CLANG_WARN__DUPLICATE_METHOD_MATCH = YES;
				COPY_PHASE_STRIP = NO;
				DEBUG_INFORMATION_FORMAT = "dwarf-with-dsym";
				ENABLE_NS_ASSERTIONS = NO;
				ENABLE_STRICT_OBJC_MSGSEND = YES;
				GCC_C_LANGUAGE_STANDARD = gnu99;
				GCC_NO_COMMON_BLOCKS = YES;
				GCC_WARN_64_TO_32_BIT_CONVERSION = YES;
				GCC_WARN_ABOUT_RETURN_TYPE = YES_ERROR;
				GCC_WARN_UNDECLARED_SELECTOR = YES;
				GCC_WARN_UNINITIALIZED_AUTOS = YES_AGGRESSIVE;
				GCC_WARN_UNUSED_FUNCTION = YES;
				GCC_WARN_UNUSED_VARIABLE = YES;
				MTL_ENABLE_DEBUG_INFO = NO;
				SDKROOT = appletvos;
				TARGETED_DEVICE_FAMILY = 3;
				TVOS_DEPLOYMENT_TARGET = 9.2;
				VALIDATE_PRODUCT = YES;
			};
			name = Release;
		};
		D45A2CC91D061F62007D3E11 /* Debug */ = {
			isa = XCBuildConfiguration;
			buildSettings = {
				ASSETCATALOG_COMPILER_APPICON_NAME = "App Icon & Top Shelf Image";
				ASSETCATALOG_COMPILER_LAUNCHIMAGE_NAME = LaunchImage;
				INFOPLIST_FILE = PressGestureRecognizer/Info.plist;
				LD_RUNPATH_SEARCH_PATHS = "$(inherited) @executable_path/Frameworks";
				PRODUCT_BUNDLE_IDENTIFIER = com.mtvn.PressGestureRecognizer;
				PRODUCT_NAME = "$(TARGET_NAME)";
			};
			name = Debug;
		};
		D45A2CCA1D061F62007D3E11 /* Release */ = {
			isa = XCBuildConfiguration;
			buildSettings = {
				ASSETCATALOG_COMPILER_APPICON_NAME = "App Icon & Top Shelf Image";
				ASSETCATALOG_COMPILER_LAUNCHIMAGE_NAME = LaunchImage;
				INFOPLIST_FILE = PressGestureRecognizer/Info.plist;
				LD_RUNPATH_SEARCH_PATHS = "$(inherited) @executable_path/Frameworks";
				PRODUCT_BUNDLE_IDENTIFIER = com.mtvn.PressGestureRecognizer;
				PRODUCT_NAME = "$(TARGET_NAME)";
			};
			name = Release;
		};
/* End XCBuildConfiguration section */

/* Begin XCConfigurationList section */
		D45A2CB41D061F62007D3E11 /* Build configuration list for PBXProject "PressGestureRecognizer" */ = {
			isa = XCConfigurationList;
			buildConfigurations = (
				D45A2CC61D061F62007D3E11 /* Debug */,
				D45A2CC71D061F62007D3E11 /* Release */,
			);
			defaultConfigurationIsVisible = 0;
			defaultConfigurationName = Release;
		};
		D45A2CC81D061F62007D3E11 /* Build configuration list for PBXNativeTarget "PressGestureRecognizer" */ = {
			isa = XCConfigurationList;
			buildConfigurations = (
				D45A2CC91D061F62007D3E11 /* Debug */,
				D45A2CCA1D061F62007D3E11 /* Release */,
			);
			defaultConfigurationIsVisible = 0;
			defaultConfigurationName = Release;
		};
/* End XCConfigurationList section */
	};
	rootObject = D45A2CB11D061F62007D3E11 /* Project object */;
}
